
Microsoft Visual Studio Solution File, Format Version 12.00
# Visual Studio Version 17
VisualStudioVersion = 17.8.34330.188
MinimumVisualStudioVersion = 10.0.40219.1
Project("{FAE04EC0-301F-11D3-BF4B-00C04F79EFBC}") = "BankEmployeeModule", "BankEmployeeModule\BankEmployeeModule.csproj", "{1D01755D-BA55-4539-B9C2-AA4CDB91DE5F}"
EndProject
Project("{FAE04EC0-301F-11D3-BF4B-00C04F79EFBC}") = "TestProject1", "TestProject1\TestProject1.csproj", "{F1063FD5-651D-41B9-A0F6-72409549AC2C}"
EndProject
Global
	GlobalSection(SolutionConfigurationPlatforms) = preSolution
		Debug|Any CPU = Debug|Any CPU
		Release|Any CPU = Release|Any CPU
	EndGlobalSection
	GlobalSection(ProjectConfigurationPlatforms) = postSolution
		{1D01755D-BA55-4539-B9C2-AA4CDB91DE5F}.Debug|Any CPU.ActiveCfg = Debug|Any CPU
		{1D01755D-BA55-4539-B9C2-AA4CDB91DE5F}.Debug|Any CPU.Build.0 = Debug|Any CPU
		{1D01755D-BA55-4539-B9C2-AA4CDB91DE5F}.Release|Any CPU.ActiveCfg = Release|Any CPU
		{1D01755D-BA55-4539-B9C2-AA4CDB91DE5F}.Release|Any CPU.Build.0 = Release|Any CPU
		{F1063FD5-651D-41B9-A0F6-72409549AC2C}.Debug|Any CPU.ActiveCfg = Debug|Any CPU
		{F1063FD5-651D-41B9-A0F6-72409549AC2C}.Debug|Any CPU.Build.0 = Debug|Any CPU
		{F1063FD5-651D-41B9-A0F6-72409549AC2C}.Release|Any CPU.ActiveCfg = Release|Any CPU
		{F1063FD5-651D-41B9-A0F6-72409549AC2C}.Release|Any CPU.Build.0 = Release|Any CPU
	EndGlobalSection
	GlobalSection(SolutionProperties) = preSolution
		HideSolutionNode = FALSE
	EndGlobalSection
	GlobalSection(ExtensibilityGlobals) = postSolution
		SolutionGuid = {B1267F34-05A5-4EF3-A758-95E463AEDB50}
	EndGlobalSection
EndGlobal
